
Microsoft Visual Studio Solution File, Format Version 12.00
# Visual Studio 2012
Project("{FAE04EC0-301F-11D3-BF4B-00C04F79EFBC}") = "ProbabilisticDatabase", "ProbabilisticDatabase\ProbabilisticDatabase.csproj", "{800E9A7D-5DEB-4D60-82ED-15751E1ACB2D}"
EndProject
Project("{FAE04EC0-301F-11D3-BF4B-00C04F79EFBC}") = "PDtests", "PDtests\PDtests.csproj", "{7D53D5B8-28F8-417E-A1B4-014DE2A96B8C}"
EndProject
Project("{00D1A9C2-B5F0-4AF3-8072-F6C62B433612}") = "AggregateFunctionIndependentProject", "AggregateFunctionIndependentProject\AggregateFunctionIndependentProject.sqlproj", "{A5498E5B-AD29-4793-A02D-EDF49F1BD650}"
EndProject
Global
	GlobalSection(SolutionConfigurationPlatforms) = preSolution
		Debug|Any CPU = Debug|Any CPU
		Release|Any CPU = Release|Any CPU
	EndGlobalSection
	GlobalSection(ProjectConfigurationPlatforms) = postSolution
		{800E9A7D-5DEB-4D60-82ED-15751E1ACB2D}.Debug|Any CPU.ActiveCfg = Debug|Any CPU
		{800E9A7D-5DEB-4D60-82ED-15751E1ACB2D}.Debug|Any CPU.Build.0 = Debug|Any CPU
		{800E9A7D-5DEB-4D60-82ED-15751E1ACB2D}.Release|Any CPU.ActiveCfg = Release|Any CPU
		{800E9A7D-5DEB-4D60-82ED-15751E1ACB2D}.Release|Any CPU.Build.0 = Release|Any CPU
		{7D53D5B8-28F8-417E-A1B4-014DE2A96B8C}.Debug|Any CPU.ActiveCfg = Debug|Any CPU
		{7D53D5B8-28F8-417E-A1B4-014DE2A96B8C}.Debug|Any CPU.Build.0 = Debug|Any CPU
		{7D53D5B8-28F8-417E-A1B4-014DE2A96B8C}.Release|Any CPU.ActiveCfg = Release|Any CPU
		{7D53D5B8-28F8-417E-A1B4-014DE2A96B8C}.Release|Any CPU.Build.0 = Release|Any CPU
		{A5498E5B-AD29-4793-A02D-EDF49F1BD650}.Debug|Any CPU.ActiveCfg = Debug|Any CPU
		{A5498E5B-AD29-4793-A02D-EDF49F1BD650}.Debug|Any CPU.Build.0 = Debug|Any CPU
		{A5498E5B-AD29-4793-A02D-EDF49F1BD650}.Debug|Any CPU.Deploy.0 = Debug|Any CPU
		{A5498E5B-AD29-4793-A02D-EDF49F1BD650}.Release|Any CPU.ActiveCfg = Release|Any CPU
		{A5498E5B-AD29-4793-A02D-EDF49F1BD650}.Release|Any CPU.Build.0 = Release|Any CPU
		{A5498E5B-AD29-4793-A02D-EDF49F1BD650}.Release|Any CPU.Deploy.0 = Release|Any CPU
	EndGlobalSection
	GlobalSection(SolutionProperties) = preSolution
		HideSolutionNode = FALSE
	EndGlobalSection
EndGlobal
